// !$*UTF8*$!
{
	archiveVersion = 1;
	classes = {
	};
	objectVersion = 55;
	objects = {

/* Begin PBXBuildFile section */
		5B39ED2727FA263400D08ADE /* AppDelegate.swift in Sources */ = {isa = PBXBuildFile; fileRef = 5B39ED2627FA263400D08ADE /* AppDelegate.swift */; };
		5B39ED2927FA263400D08ADE /* SceneDelegate.swift in Sources */ = {isa = PBXBuildFile; fileRef = 5B39ED2827FA263400D08ADE /* SceneDelegate.swift */; };
		5B39ED2B27FA263400D08ADE /* ViewController.swift in Sources */ = {isa = PBXBuildFile; fileRef = 5B39ED2A27FA263400D08ADE /* ViewController.swift */; };
		5B39ED2E27FA263400D08ADE /* Main.storyboard in Resources */ = {isa = PBXBuildFile; fileRef = 5B39ED2C27FA263400D08ADE /* Main.storyboard */; };
		5B39ED3027FA263500D08ADE /* Assets.xcassets in Resources */ = {isa = PBXBuildFile; fileRef = 5B39ED2F27FA263500D08ADE /* Assets.xcassets */; };
		5B39ED3327FA263500D08ADE /* LaunchScreen.storyboard in Resources */ = {isa = PBXBuildFile; fileRef = 5B39ED3127FA263500D08ADE /* LaunchScreen.storyboard */; };
		5B39ED3B27FA285500D08ADE /* CryptoTableViewCell.swift in Sources */ = {isa = PBXBuildFile; fileRef = 5B39ED3A27FA285500D08ADE /* CryptoTableViewCell.swift */; };
		5B39ED4127FA2FE000D08ADE /* CryptoCurrency.swift in Sources */ = {isa = PBXBuildFile; fileRef = 5B39ED4027FA2FE000D08ADE /* CryptoCurrency.swift */; };
		5B39ED4327FA317E00D08ADE /* WebService.swift in Sources */ = {isa = PBXBuildFile; fileRef = 5B39ED4227FA317E00D08ADE /* WebService.swift */; };
		5B39ED4527FA38A000D08ADE /* CryptoViewModel.swift in Sources */ = {isa = PBXBuildFile; fileRef = 5B39ED4427FA38A000D08ADE /* CryptoViewModel.swift */; };
/* End PBXBuildFile section */

/* Begin PBXFileReference section */
		5B39ED2327FA263400D08ADE /* CryptoCrazyOne.app */ = {isa = PBXFileReference; explicitFileType = wrapper.application; includeInIndex = 0; path = CryptoCrazyOne.app; sourceTree = BUILT_PRODUCTS_DIR; };
		5B39ED2627FA263400D08ADE /* AppDelegate.swift */ = {isa = PBXFileReference; lastKnownFileType = sourcecode.swift; path = AppDelegate.swift; sourceTree = "<group>"; };
		5B39ED2827FA263400D08ADE /* SceneDelegate.swift */ = {isa = PBXFileReference; lastKnownFileType = sourcecode.swift; path = SceneDelegate.swift; sourceTree = "<group>"; };
		5B39ED2A27FA263400D08ADE /* ViewController.swift */ = {isa = PBXFileReference; lastKnownFileType = sourcecode.swift; path = ViewController.swift; sourceTree = "<group>"; };
		5B39ED2D27FA263400D08ADE /* Base */ = {isa = PBXFileReference; lastKnownFileType = file.storyboard; name = Base; path = Base.lproj/Main.storyboard; sourceTree = "<group>"; };
		5B39ED2F27FA263500D08ADE /* Assets.xcassets */ = {isa = PBXFileReference; lastKnownFileType = folder.assetcatalog; path = Assets.xcassets; sourceTree = "<group>"; };
		5B39ED3227FA263500D08ADE /* Base */ = {isa = PBXFileReference; lastKnownFileType = file.storyboard; name = Base; path = Base.lproj/LaunchScreen.storyboard; sourceTree = "<group>"; };
		5B39ED3427FA263500D08ADE /* Info.plist */ = {isa = PBXFileReference; lastKnownFileType = text.plist.xml; path = Info.plist; sourceTree = "<group>"; };
		5B39ED3A27FA285500D08ADE /* CryptoTableViewCell.swift */ = {isa = PBXFileReference; lastKnownFileType = sourcecode.swift; path = CryptoTableViewCell.swift; sourceTree = "<group>"; };
		5B39ED4027FA2FE000D08ADE /* CryptoCurrency.swift */ = {isa = PBXFileReference; lastKnownFileType = sourcecode.swift; path = CryptoCurrency.swift; sourceTree = "<group>"; };
		5B39ED4227FA317E00D08ADE /* WebService.swift */ = {isa = PBXFileReference; lastKnownFileType = sourcecode.swift; path = WebService.swift; sourceTree = "<group>"; };
		5B39ED4427FA38A000D08ADE /* CryptoViewModel.swift */ = {isa = PBXFileReference; lastKnownFileType = sourcecode.swift; path = CryptoViewModel.swift; sourceTree = "<group>"; };
/* End PBXFileReference section */

/* Begin PBXFrameworksBuildPhase section */
		5B39ED2027FA263400D08ADE /* Frameworks */ = {
			isa = PBXFrameworksBuildPhase;
			buildActionMask = 2147483647;
			files = (
			);
			runOnlyForDeploymentPostprocessing = 0;
		};
/* End PBXFrameworksBuildPhase section */

/* Begin PBXGroup section */
		5B39ED1A27FA263400D08ADE = {
			isa = PBXGroup;
			children = (
				5B39ED2527FA263400D08ADE /* CryptoCrazyOne */,
				5B39ED2427FA263400D08ADE /* Products */,
			);
			sourceTree = "<group>";
		};
		5B39ED2427FA263400D08ADE /* Products */ = {
			isa = PBXGroup;
			children = (
				5B39ED2327FA263400D08ADE /* CryptoCrazyOne.app */,
			);
			name = Products;
			sourceTree = "<group>";
		};
		5B39ED2527FA263400D08ADE /* CryptoCrazyOne */ = {
			isa = PBXGroup;
			children = (
				5B39ED3F27FA2F8F00D08ADE /* Service */,
				5B39ED3E27FA2F8500D08ADE /* Model */,
				5B39ED3D27FA2F7800D08ADE /* ViewModel */,
				5B39ED3C27FA2F7300D08ADE /* View */,
				5B39ED2C27FA263400D08ADE /* Main.storyboard */,
				5B39ED2F27FA263500D08ADE /* Assets.xcassets */,
				5B39ED3127FA263500D08ADE /* LaunchScreen.storyboard */,
				5B39ED3427FA263500D08ADE /* Info.plist */,
			);
			path = CryptoCrazyOne;
			sourceTree = "<group>";
		};
		5B39ED3C27FA2F7300D08ADE /* View */ = {
			isa = PBXGroup;
			children = (
				5B39ED2627FA263400D08ADE /* AppDelegate.swift */,
				5B39ED2827FA263400D08ADE /* SceneDelegate.swift */,
				5B39ED2A27FA263400D08ADE /* ViewController.swift */,
				5B39ED3A27FA285500D08ADE /* CryptoTableViewCell.swift */,
			);
			path = View;
			sourceTree = "<group>";
		};
		5B39ED3D27FA2F7800D08ADE /* ViewModel */ = {
			isa = PBXGroup;
			children = (
				5B39ED4427FA38A000D08ADE /* CryptoViewModel.swift */,
			);
			path = ViewModel;
			sourceTree = "<group>";
		};
		5B39ED3E27FA2F8500D08ADE /* Model */ = {
			isa = PBXGroup;
			children = (
				5B39ED4027FA2FE000D08ADE /* CryptoCurrency.swift */,
			);
			path = Model;
			sourceTree = "<group>";
		};
		5B39ED3F27FA2F8F00D08ADE /* Service */ = {
			isa = PBXGroup;
			children = (
				5B39ED4227FA317E00D08ADE /* WebService.swift */,
			);
			path = Service;
			sourceTree = "<group>";
		};
/* End PBXGroup section */

/* Begin PBXNativeTarget section */
		5B39ED2227FA263400D08ADE /* CryptoCrazyOne */ = {
			isa = PBXNativeTarget;
			buildConfigurationList = 5B39ED3727FA263500D08ADE /* Build configuration list for PBXNativeTarget "CryptoCrazyOne" */;
			buildPhases = (
				5B39ED1F27FA263400D08ADE /* Sources */,
				5B39ED2027FA263400D08ADE /* Frameworks */,
				5B39ED2127FA263400D08ADE /* Resources */,
			);
			buildRules = (
			);
			dependencies = (
			);
			name = CryptoCrazyOne;
			productName = CryptoCrazyOne;
			productReference = 5B39ED2327FA263400D08ADE /* CryptoCrazyOne.app */;
			productType = "com.apple.product-type.application";
		};
/* End PBXNativeTarget section */

/* Begin PBXProject section */
		5B39ED1B27FA263400D08ADE /* Project object */ = {
			isa = PBXProject;
			attributes = {
				BuildIndependentTargetsInParallel = 1;
				LastSwiftUpdateCheck = 1330;
				LastUpgradeCheck = 1330;
				TargetAttributes = {
					5B39ED2227FA263400D08ADE = {
						CreatedOnToolsVersion = 13.3;
					};
				};
			};
			buildConfigurationList = 5B39ED1E27FA263400D08ADE /* Build configuration list for PBXProject "CryptoCrazyOne" */;
			compatibilityVersion = "Xcode 13.0";
			developmentRegion = en;
			hasScannedForEncodings = 0;
			knownRegions = (
				en,
				Base,
			);
			mainGroup = 5B39ED1A27FA263400D08ADE;
			productRefGroup = 5B39ED2427FA263400D08ADE /* Products */;
			projectDirPath = "";
			projectRoot = "";
			targets = (
				5B39ED2227FA263400D08ADE /* CryptoCrazyOne */,
			);
		};
/* End PBXProject section */

/* Begin PBXResourcesBuildPhase section */
		5B39ED2127FA263400D08ADE /* Resources */ = {
			isa = PBXResourcesBuildPhase;
			buildActionMask = 2147483647;
			files = (
				5B39ED3327FA263500D08ADE /* LaunchScreen.storyboard in Resources */,
				5B39ED3027FA263500D08ADE /* Assets.xcassets in Resources */,
				5B39ED2E27FA263400D08ADE /* Main.storyboard in Resources */,
			);
			runOnlyForDeploymentPostprocessing = 0;
		};
/* End PBXResourcesBuildPhase section */

/* Begin PBXSourcesBuildPhase section */
		5B39ED1F27FA263400D08ADE /* Sources */ = {
			isa = PBXSourcesBuildPhase;
			buildActionMask = 2147483647;
			files = (
				5B39ED4327FA317E00D08ADE /* WebService.swift in Sources */,
				5B39ED3B27FA285500D08ADE /* CryptoTableViewCell.swift in Sources */,
				5B39ED2B27FA263400D08ADE /* ViewController.swift in Sources */,
				5B39ED2727FA263400D08ADE /* AppDelegate.swift in Sources */,
				5B39ED4527FA38A000D08ADE /* CryptoViewModel.swift in Sources */,
				5B39ED4127FA2FE000D08ADE /* CryptoCurrency.swift in Sources */,
				5B39ED2927FA263400D08ADE /* SceneDelegate.swift in Sources */,
			);
			runOnlyForDeploymentPostprocessing = 0;
		};
/* End PBXSourcesBuildPhase section */

/* Begin PBXVariantGroup section */
		5B39ED2C27FA263400D08ADE /* Main.storyboard */ = {
			isa = PBXVariantGroup;
			children = (
				5B39ED2D27FA263400D08ADE /* Base */,
			);
			name = Main.storyboard;
			sourceTree = "<group>";
		};
		5B39ED3127FA263500D08ADE /* LaunchScreen.storyboard */ = {
			isa = PBXVariantGroup;
			children = (
				5B39ED3227FA263500D08ADE /* Base */,
			);
			name = LaunchScreen.storyboard;
			sourceTree = "<group>";
		};
/* End PBXVariantGroup section */

/* Begin XCBuildConfiguration section */
		5B39ED3527FA263500D08ADE /* Debug */ = {
			isa = XCBuildConfiguration;
			buildSettings = {
				ALWAYS_SEARCH_USER_PATHS = NO;
				CLANG_ANALYZER_NONNULL = YES;
				CLANG_ANALYZER_NUMBER_OBJECT_CONVERSION = YES_AGGRESSIVE;
				CLANG_CXX_LANGUAGE_STANDARD = "gnu++17";
				CLANG_ENABLE_MODULES = YES;
				CLANG_ENABLE_OBJC_ARC = YES;
				CLANG_ENABLE_OBJC_WEAK = YES;
				CLANG_WARN_BLOCK_CAPTURE_AUTORELEASING = YES;
				CLANG_WARN_BOOL_CONVERSION = YES;
				CLANG_WARN_COMMA = YES;
				CLANG_WARN_CONSTANT_CONVERSION = YES;
				CLANG_WARN_DEPRECATED_OBJC_IMPLEMENTATIONS = YES;
				CLANG_WARN_DIRECT_OBJC_ISA_USAGE = YES_ERROR;
				CLANG_WARN_DOCUMENTATION_COMMENTS = YES;
				CLANG_WARN_EMPTY_BODY = YES;
				CLANG_WARN_ENUM_CONVERSION = YES;
				CLANG_WARN_INFINITE_RECURSION = YES;
				CLANG_WARN_INT_CONVERSION = YES;
				CLANG_WARN_NON_LITERAL_NULL_CONVERSION = YES;
				CLANG_WARN_OBJC_IMPLICIT_RETAIN_SELF = YES;
				CLANG_WARN_OBJC_LITERAL_CONVERSION = YES;
				CLANG_WARN_OBJC_ROOT_CLASS = YES_ERROR;
				CLANG_WARN_QUOTED_INCLUDE_IN_FRAMEWORK_HEADER = YES;
				CLANG_WARN_RANGE_LOOP_ANALYSIS = YES;
				CLANG_WARN_STRICT_PROTOTYPES = YES;
				CLANG_WARN_SUSPICIOUS_MOVE = YES;
				CLANG_WARN_UNGUARDED_AVAILABILITY = YES_AGGRESSIVE;
				CLANG_WARN_UNREACHABLE_CODE = YES;
				CLANG_WARN__DUPLICATE_METHOD_MATCH = YES;
				COPY_PHASE_STRIP = NO;
				DEBUG_INFORMATION_FORMAT = dwarf;
				ENABLE_STRICT_OBJC_MSGSEND = YES;
				ENABLE_TESTABILITY = YES;
				GCC_C_LANGUAGE_STANDARD = gnu11;
				GCC_DYNAMIC_NO_PIC = NO;
				GCC_NO_COMMON_BLOCKS = YES;
				GCC_OPTIMIZATION_LEVEL = 0;
				GCC_PREPROCESSOR_DEFINITIONS = (
					"DEBUG=1",
					"$(inherited)",
				);
				GCC_WARN_64_TO_32_BIT_CONVERSION = YES;
				GCC_WARN_ABOUT_RETURN_TYPE = YES_ERROR;
				GCC_WARN_UNDECLARED_SELECTOR = YES;
				GCC_WARN_UNINITIALIZED_AUTOS = YES_AGGRESSIVE;
				GCC_WARN_UNUSED_FUNCTION = YES;
				GCC_WARN_UNUSED_VARIABLE = YES;
				IPHONEOS_DEPLOYMENT_TARGET = 15.4;
				MTL_ENABLE_DEBUG_INFO = INCLUDE_SOURCE;
				MTL_FAST_MATH = YES;
				ONLY_ACTIVE_ARCH = YES;
				SDKROOT = iphoneos;
				SWIFT_ACTIVE_COMPILATION_CONDITIONS = DEBUG;
				SWIFT_OPTIMIZATION_LEVEL = "-Onone";
			};
			name = Debug;
		};
		5B39ED3627FA263500D08ADE /* Release */ = {
			isa = XCBuildConfiguration;
			buildSettings = {
				ALWAYS_SEARCH_USER_PATHS = NO;
				CLANG_ANALYZER_NONNULL = YES;
				CLANG_ANALYZER_NUMBER_OBJECT_CONVERSION = YES_AGGRESSIVE;
				CLANG_CXX_LANGUAGE_STANDARD = "gnu++17";
				CLANG_ENABLE_MODULES = YES;
				CLANG_ENABLE_OBJC_ARC = YES;
				CLANG_ENABLE_OBJC_WEAK = YES;
				CLANG_WARN_BLOCK_CAPTURE_AUTORELEASING = YES;
				CLANG_WARN_BOOL_CONVERSION = YES;
				CLANG_WARN_COMMA = YES;
				CLANG_WARN_CONSTANT_CONVERSION = YES;
				CLANG_WARN_DEPRECATED_OBJC_IMPLEMENTATIONS = YES;
				CLANG_WARN_DIRECT_OBJC_ISA_USAGE = YES_ERROR;
				CLANG_WARN_DOCUMENTATION_COMMENTS = YES;
				CLANG_WARN_EMPTY_BODY = YES;
				CLANG_WARN_ENUM_CONVERSION = YES;
				CLANG_WARN_INFINITE_RECURSION = YES;
				CLANG_WARN_INT_CONVERSION = YES;
				CLANG_WARN_NON_LITERAL_NULL_CONVERSION = YES;
				CLANG_WARN_OBJC_IMPLICIT_RETAIN_SELF = YES;
				CLANG_WARN_OBJC_LITERAL_CONVERSION = YES;
				CLANG_WARN_OBJC_ROOT_CLASS = YES_ERROR;
				CLANG_WARN_QUOTED_INCLUDE_IN_FRAMEWORK_HEADER = YES;
				CLANG_WARN_RANGE_LOOP_ANALYSIS = YES;
				CLANG_WARN_STRICT_PROTOTYPES = YES;
				CLANG_WARN_SUSPICIOUS_MOVE = YES;
				CLANG_WARN_UNGUARDED_AVAILABILITY = YES_AGGRESSIVE;
				CLANG_WARN_UNREACHABLE_CODE = YES;
				CLANG_WARN__DUPLICATE_METHOD_MATCH = YES;
				COPY_PHASE_STRIP = NO;
				DEBUG_INFORMATION_FORMAT = "dwarf-with-dsym";
				ENABLE_NS_ASSERTIONS = NO;
				ENABLE_STRICT_OBJC_MSGSEND = YES;
				GCC_C_LANGUAGE_STANDARD = gnu11;
				GCC_NO_COMMON_BLOCKS = YES;
				GCC_WARN_64_TO_32_BIT_CONVERSION = YES;
				GCC_WARN_ABOUT_RETURN_TYPE = YES_ERROR;
				GCC_WARN_UNDECLARED_SELECTOR = YES;
				GCC_WARN_UNINITIALIZED_AUTOS = YES_AGGRESSIVE;
				GCC_WARN_UNUSED_FUNCTION = YES;
				GCC_WARN_UNUSED_VARIABLE = YES;
				IPHONEOS_DEPLOYMENT_TARGET = 15.4;
				MTL_ENABLE_DEBUG_INFO = NO;
				MTL_FAST_MATH = YES;
				SDKROOT = iphoneos;
				SWIFT_COMPILATION_MODE = wholemodule;
				SWIFT_OPTIMIZATION_LEVEL = "-O";
				VALIDATE_PRODUCT = YES;
			};
			name = Release;
		};
		5B39ED3827FA263500D08ADE /* Debug */ = {
			isa = XCBuildConfiguration;
			buildSettings = {
				ASSETCATALOG_COMPILER_APPICON_NAME = AppIcon;
				ASSETCATALOG_COMPILER_GLOBAL_ACCENT_COLOR_NAME = AccentColor;
				CODE_SIGN_STYLE = Automatic;
				CURRENT_PROJECT_VERSION = 1;
				DEVELOPMENT_TEAM = 6P2YAJPL7J;
				GENERATE_INFOPLIST_FILE = YES;
				INFOPLIST_FILE = CryptoCrazyOne/Info.plist;
				INFOPLIST_KEY_UIApplicationSupportsIndirectInputEvents = YES;
				INFOPLIST_KEY_UILaunchStoryboardName = LaunchScreen;
				INFOPLIST_KEY_UIMainStoryboardFile = Main;
				INFOPLIST_KEY_UISupportedInterfaceOrientations_iPad = "UIInterfaceOrientationPortrait UIInterfaceOrientationPortraitUpsideDown UIInterfaceOrientationLandscapeLeft UIInterfaceOrientationLandscapeRight";
				INFOPLIST_KEY_UISupportedInterfaceOrientations_iPhone = "UIInterfaceOrientationPortrait UIInterfaceOrientationLandscapeLeft UIInterfaceOrientationLandscapeRight";
				LD_RUNPATH_SEARCH_PATHS = (
					"$(inherited)",
					"@executable_path/Frameworks",
				);
				MARKETING_VERSION = 1.0;
				PRODUCT_BUNDLE_IDENTIFIER = com.muazbulut.CryptoCrazyOne;
				PRODUCT_NAME = "$(TARGET_NAME)";
				SWIFT_EMIT_LOC_STRINGS = YES;
				SWIFT_VERSION = 5.0;
				TARGETED_DEVICE_FAMILY = "1,2";
			};
			name = Debug;
		};
		5B39ED3927FA263500D08ADE /* Release */ = {
			isa = XCBuildConfiguration;
			buildSettings = {
				ASSETCATALOG_COMPILER_APPICON_NAME = AppIcon;
				ASSETCATALOG_COMPILER_GLOBAL_ACCENT_COLOR_NAME = AccentColor;
				CODE_SIGN_STYLE = Automatic;
				CURRENT_PROJECT_VERSION = 1;
				DEVELOPMENT_TEAM = 6P2YAJPL7J;
				GENERATE_INFOPLIST_FILE = YES;
				INFOPLIST_FILE = CryptoCrazyOne/Info.plist;
				INFOPLIST_KEY_UIApplicationSupportsIndirectInputEvents = YES;
				INFOPLIST_KEY_UILaunchStoryboardName = LaunchScreen;
				INFOPLIST_KEY_UIMainStoryboardFile = Main;
				INFOPLIST_KEY_UISupportedInterfaceOrientations_iPad = "UIInterfaceOrientationPortrait UIInterfaceOrientationPortraitUpsideDown UIInterfaceOrientationLandscapeLeft UIInterfaceOrientationLandscapeRight";
				INFOPLIST_KEY_UISupportedInterfaceOrientations_iPhone = "UIInterfaceOrientationPortrait UIInterfaceOrientationLandscapeLeft UIInterfaceOrientationLandscapeRight";
				LD_RUNPATH_SEARCH_PATHS = (
					"$(inherited)",
					"@executable_path/Frameworks",
				);
				MARKETING_VERSION = 1.0;
				PRODUCT_BUNDLE_IDENTIFIER = com.muazbulut.CryptoCrazyOne;
				PRODUCT_NAME = "$(TARGET_NAME)";
				SWIFT_EMIT_LOC_STRINGS = YES;
				SWIFT_VERSION = 5.0;
				TARGETED_DEVICE_FAMILY = "1,2";
			};
			name = Release;
		};
/* End XCBuildConfiguration section */

/* Begin XCConfigurationList section */
		5B39ED1E27FA263400D08ADE /* Build configuration list for PBXProject "CryptoCrazyOne" */ = {
			isa = XCConfigurationList;
			buildConfigurations = (
				5B39ED3527FA263500D08ADE /* Debug */,
				5B39ED3627FA263500D08ADE /* Release */,
			);
			defaultConfigurationIsVisible = 0;
			defaultConfigurationName = Release;
		};
		5B39ED3727FA263500D08ADE /* Build configuration list for PBXNativeTarget "CryptoCrazyOne" */ = {
			isa = XCConfigurationList;
			buildConfigurations = (
				5B39ED3827FA263500D08ADE /* Debug */,
				5B39ED3927FA263500D08ADE /* Release */,
			);
			defaultConfigurationIsVisible = 0;
			defaultConfigurationName = Release;
		};
/* End XCConfigurationList section */
	};
	rootObject = 5B39ED1B27FA263400D08ADE /* Project object */;
}
